// !$*UTF8*$!
{
	archiveVersion = 1;
	classes = {
	};
	objectVersion = 46;
	objects = {

/* Begin PBXBuildFile section */
		78402F331A86DE2F005A83A4 /* AppDelegate.swift in Sources */ = {isa = PBXBuildFile; fileRef = 78402F321A86DE2F005A83A4 /* AppDelegate.swift */; };
		78402F381A86DE2F005A83A4 /* Main.storyboard in Resources */ = {isa = PBXBuildFile; fileRef = 78402F361A86DE2F005A83A4 /* Main.storyboard */; };
		78402F3A1A86DE2F005A83A4 /* Images.xcassets in Resources */ = {isa = PBXBuildFile; fileRef = 78402F391A86DE2F005A83A4 /* Images.xcassets */; };
		78402F3D1A86DE2F005A83A4 /* LaunchScreen.xib in Resources */ = {isa = PBXBuildFile; fileRef = 78402F3B1A86DE2F005A83A4 /* LaunchScreen.xib */; };
		78402F491A86DE2F005A83A4 /* NotesTests.swift in Sources */ = {isa = PBXBuildFile; fileRef = 78402F481A86DE2F005A83A4 /* NotesTests.swift */; };
		78402F561A86DE85005A83A4 /* Bolts.framework in Frameworks */ = {isa = PBXBuildFile; fileRef = 78402F521A86DE85005A83A4 /* Bolts.framework */; };
		78402F571A86DE85005A83A4 /* Parse.framework in Frameworks */ = {isa = PBXBuildFile; fileRef = 78402F531A86DE85005A83A4 /* Parse.framework */; };
		78402F581A86DE85005A83A4 /* ParseCrashReporting.framework in Frameworks */ = {isa = PBXBuildFile; fileRef = 78402F541A86DE85005A83A4 /* ParseCrashReporting.framework */; };
		78402F591A86DE85005A83A4 /* ParseUI.framework in Frameworks */ = {isa = PBXBuildFile; fileRef = 78402F551A86DE85005A83A4 /* ParseUI.framework */; };
		78402F5B1A86DEB8005A83A4 /* AudioToolbox.framework in Frameworks */ = {isa = PBXBuildFile; fileRef = 78402F5A1A86DEB8005A83A4 /* AudioToolbox.framework */; };
		78402F5D1A86DEBE005A83A4 /* CFNetwork.framework in Frameworks */ = {isa = PBXBuildFile; fileRef = 78402F5C1A86DEBE005A83A4 /* CFNetwork.framework */; };
		78402F5F1A86DEC3005A83A4 /* CoreGraphics.framework in Frameworks */ = {isa = PBXBuildFile; fileRef = 78402F5E1A86DEC3005A83A4 /* CoreGraphics.framework */; };
		78402F611A86DEC7005A83A4 /* CoreLocation.framework in Frameworks */ = {isa = PBXBuildFile; fileRef = 78402F601A86DEC7005A83A4 /* CoreLocation.framework */; };
		78402F631A86DECC005A83A4 /* MobileCoreServices.framework in Frameworks */ = {isa = PBXBuildFile; fileRef = 78402F621A86DECC005A83A4 /* MobileCoreServices.framework */; };
		78402F651A86DED2005A83A4 /* QuartzCore.framework in Frameworks */ = {isa = PBXBuildFile; fileRef = 78402F641A86DED2005A83A4 /* QuartzCore.framework */; };
		78402F671A86DED7005A83A4 /* Security.framework in Frameworks */ = {isa = PBXBuildFile; fileRef = 78402F661A86DED7005A83A4 /* Security.framework */; };
		78402F691A86DEDC005A83A4 /* StoreKit.framework in Frameworks */ = {isa = PBXBuildFile; fileRef = 78402F681A86DEDC005A83A4 /* StoreKit.framework */; };
		78402F6B1A86DEE1005A83A4 /* SystemConfiguration.framework in Frameworks */ = {isa = PBXBuildFile; fileRef = 78402F6A1A86DEE1005A83A4 /* SystemConfiguration.framework */; };
		78402F6D1A86DEE5005A83A4 /* libz.dylib in Frameworks */ = {isa = PBXBuildFile; fileRef = 78402F6C1A86DEE5005A83A4 /* libz.dylib */; };
		78402F6F1A86DEEA005A83A4 /* libsqlite3.dylib in Frameworks */ = {isa = PBXBuildFile; fileRef = 78402F6E1A86DEEA005A83A4 /* libsqlite3.dylib */; };
		78C725DF1A87017500BEA9C2 /* MasterTableViewController.swift in Sources */ = {isa = PBXBuildFile; fileRef = 78C725DE1A87017500BEA9C2 /* MasterTableViewController.swift */; };
		78C725E11A87018300BEA9C2 /* MasterTableViewCell.swift in Sources */ = {isa = PBXBuildFile; fileRef = 78C725E01A87018300BEA9C2 /* MasterTableViewCell.swift */; };
		78C725E31A87019100BEA9C2 /* AddNoteTableViewController.swift in Sources */ = {isa = PBXBuildFile; fileRef = 78C725E21A87019100BEA9C2 /* AddNoteTableViewController.swift */; };
		78DBE90E1A87102C00174C73 /* Accounts.framework in Frameworks */ = {isa = PBXBuildFile; fileRef = 78DBE90D1A87102C00174C73 /* Accounts.framework */; };
		78DBE9101A87103000174C73 /* Social.framework in Frameworks */ = {isa = PBXBuildFile; fileRef = 78DBE90F1A87103000174C73 /* Social.framework */; };
/* End PBXBuildFile section */

/* Begin PBXContainerItemProxy section */
		78402F431A86DE2F005A83A4 /* PBXContainerItemProxy */ = {
			isa = PBXContainerItemProxy;
			containerPortal = 78402F251A86DE2F005A83A4 /* Project object */;
			proxyType = 1;
			remoteGlobalIDString = 78402F2C1A86DE2F005A83A4;
			remoteInfo = Notes;
		};
/* End PBXContainerItemProxy section */

/* Begin PBXFileReference section */
		78402F2D1A86DE2F005A83A4 /* Notes.app */ = {isa = PBXFileReference; explicitFileType = wrapper.application; includeInIndex = 0; path = Notes.app; sourceTree = BUILT_PRODUCTS_DIR; };
		78402F311A86DE2F005A83A4 /* Info.plist */ = {isa = PBXFileReference; lastKnownFileType = text.plist.xml; path = Info.plist; sourceTree = "<group>"; };
		78402F321A86DE2F005A83A4 /* AppDelegate.swift */ = {isa = PBXFileReference; lastKnownFileType = sourcecode.swift; path = AppDelegate.swift; sourceTree = "<group>"; };
		78402F371A86DE2F005A83A4 /* Base */ = {isa = PBXFileReference; lastKnownFileType = file.storyboard; name = Base; path = Base.lproj/Main.storyboard; sourceTree = "<group>"; };
		78402F391A86DE2F005A83A4 /* Images.xcassets */ = {isa = PBXFileReference; lastKnownFileType = folder.assetcatalog; path = Images.xcassets; sourceTree = "<group>"; };
		78402F3C1A86DE2F005A83A4 /* Base */ = {isa = PBXFileReference; lastKnownFileType = file.xib; name = Base; path = Base.lproj/LaunchScreen.xib; sourceTree = "<group>"; };
		78402F421A86DE2F005A83A4 /* NotesTests.xctest */ = {isa = PBXFileReference; explicitFileType = wrapper.cfbundle; includeInIndex = 0; path = NotesTests.xctest; sourceTree = BUILT_PRODUCTS_DIR; };
		78402F471A86DE2F005A83A4 /* Info.plist */ = {isa = PBXFileReference; lastKnownFileType = text.plist.xml; path = Info.plist; sourceTree = "<group>"; };
		78402F481A86DE2F005A83A4 /* NotesTests.swift */ = {isa = PBXFileReference; lastKnownFileType = sourcecode.swift; path = NotesTests.swift; sourceTree = "<group>"; };
		78402F521A86DE85005A83A4 /* Bolts.framework */ = {isa = PBXFileReference; lastKnownFileType = wrapper.framework; name = Bolts.framework; path = "SDKs/parse-library-1/Bolts.framework"; sourceTree = "<group>"; };
		78402F531A86DE85005A83A4 /* Parse.framework */ = {isa = PBXFileReference; lastKnownFileType = wrapper.framework; name = Parse.framework; path = "SDKs/parse-library-1/Parse.framework"; sourceTree = "<group>"; };
		78402F541A86DE85005A83A4 /* ParseCrashReporting.framework */ = {isa = PBXFileReference; lastKnownFileType = wrapper.framework; name = ParseCrashReporting.framework; path = "SDKs/parse-library-1/ParseCrashReporting.framework"; sourceTree = "<group>"; };
		78402F551A86DE85005A83A4 /* ParseUI.framework */ = {isa = PBXFileReference; lastKnownFileType = wrapper.framework; name = ParseUI.framework; path = "SDKs/parse-library-1/ParseUI.framework"; sourceTree = "<group>"; };
		78402F5A1A86DEB8005A83A4 /* AudioToolbox.framework */ = {isa = PBXFileReference; lastKnownFileType = wrapper.framework; name = AudioToolbox.framework; path = System/Library/Frameworks/AudioToolbox.framework; sourceTree = SDKROOT; };
		78402F5C1A86DEBE005A83A4 /* CFNetwork.framework */ = {isa = PBXFileReference; lastKnownFileType = wrapper.framework; name = CFNetwork.framework; path = System/Library/Frameworks/CFNetwork.framework; sourceTree = SDKROOT; };
		78402F5E1A86DEC3005A83A4 /* CoreGraphics.framework */ = {isa = PBXFileReference; lastKnownFileType = wrapper.framework; name = CoreGraphics.framework; path = System/Library/Frameworks/CoreGraphics.framework; sourceTree = SDKROOT; };
		78402F601A86DEC7005A83A4 /* CoreLocation.framework */ = {isa = PBXFileReference; lastKnownFileType = wrapper.framework; name = CoreLocation.framework; path = System/Library/Frameworks/CoreLocation.framework; sourceTree = SDKROOT; };
		78402F621A86DECC005A83A4 /* MobileCoreServices.framework */ = {isa = PBXFileReference; lastKnownFileType = wrapper.framework; name = MobileCoreServices.framework; path = System/Library/Frameworks/MobileCoreServices.framework; sourceTree = SDKROOT; };
		78402F641A86DED2005A83A4 /* QuartzCore.framework */ = {isa = PBXFileReference; lastKnownFileType = wrapper.framework; name = QuartzCore.framework; path = System/Library/Frameworks/QuartzCore.framework; sourceTree = SDKROOT; };
		78402F661A86DED7005A83A4 /* Security.framework */ = {isa = PBXFileReference; lastKnownFileType = wrapper.framework; name = Security.framework; path = System/Library/Frameworks/Security.framework; sourceTree = SDKROOT; };
		78402F681A86DEDC005A83A4 /* StoreKit.framework */ = {isa = PBXFileReference; lastKnownFileType = wrapper.framework; name = StoreKit.framework; path = System/Library/Frameworks/StoreKit.framework; sourceTree = SDKROOT; };
		78402F6A1A86DEE1005A83A4 /* SystemConfiguration.framework */ = {isa = PBXFileReference; lastKnownFileType = wrapper.framework; name = SystemConfiguration.framework; path = System/Library/Frameworks/SystemConfiguration.framework; sourceTree = SDKROOT; };
		78402F6C1A86DEE5005A83A4 /* libz.dylib */ = {isa = PBXFileReference; lastKnownFileType = "compiled.mach-o.dylib"; name = libz.dylib; path = usr/lib/libz.dylib; sourceTree = SDKROOT; };
		78402F6E1A86DEEA005A83A4 /* libsqlite3.dylib */ = {isa = PBXFileReference; lastKnownFileType = "compiled.mach-o.dylib"; name = libsqlite3.dylib; path = usr/lib/libsqlite3.dylib; sourceTree = SDKROOT; };
		78402F701A86DF26005A83A4 /* Briding-Header.h */ = {isa = PBXFileReference; fileEncoding = 4; lastKnownFileType = sourcecode.c.h; path = "Briding-Header.h"; sourceTree = "<group>"; };
		78C725DE1A87017500BEA9C2 /* MasterTableViewController.swift */ = {isa = PBXFileReference; fileEncoding = 4; lastKnownFileType = sourcecode.swift; path = MasterTableViewController.swift; sourceTree = "<group>"; };
		78C725E01A87018300BEA9C2 /* MasterTableViewCell.swift */ = {isa = PBXFileReference; fileEncoding = 4; lastKnownFileType = sourcecode.swift; path = MasterTableViewCell.swift; sourceTree = "<group>"; };
		78C725E21A87019100BEA9C2 /* AddNoteTableViewController.swift */ = {isa = PBXFileReference; fileEncoding = 4; lastKnownFileType = sourcecode.swift; path = AddNoteTableViewController.swift; sourceTree = "<group>"; };
		78DBE90D1A87102C00174C73 /* Accounts.framework */ = {isa = PBXFileReference; lastKnownFileType = wrapper.framework; name = Accounts.framework; path = System/Library/Frameworks/Accounts.framework; sourceTree = SDKROOT; };
		78DBE90F1A87103000174C73 /* Social.framework */ = {isa = PBXFileReference; lastKnownFileType = wrapper.framework; name = Social.framework; path = System/Library/Frameworks/Social.framework; sourceTree = SDKROOT; };
/* End PBXFileReference section */

/* Begin PBXFrameworksBuildPhase section */
		78402F2A1A86DE2F005A83A4 /* Frameworks */ = {
			isa = PBXFrameworksBuildPhase;
			buildActionMask = 2147483647;
			files = (
				78DBE9101A87103000174C73 /* Social.framework in Frameworks */,
				78DBE90E1A87102C00174C73 /* Accounts.framework in Frameworks */,
				78402F6F1A86DEEA005A83A4 /* libsqlite3.dylib in Frameworks */,
				78402F6D1A86DEE5005A83A4 /* libz.dylib in Frameworks */,
				78402F6B1A86DEE1005A83A4 /* SystemConfiguration.framework in Frameworks */,
				78402F691A86DEDC005A83A4 /* StoreKit.framework in Frameworks */,
				78402F671A86DED7005A83A4 /* Security.framework in Frameworks */,
				78402F651A86DED2005A83A4 /* QuartzCore.framework in Frameworks */,
				78402F631A86DECC005A83A4 /* MobileCoreServices.framework in Frameworks */,
				78402F611A86DEC7005A83A4 /* CoreLocation.framework in Frameworks */,
				78402F5F1A86DEC3005A83A4 /* CoreGraphics.framework in Frameworks */,
				78402F5D1A86DEBE005A83A4 /* CFNetwork.framework in Frameworks */,
				78402F5B1A86DEB8005A83A4 /* AudioToolbox.framework in Frameworks */,
				78402F571A86DE85005A83A4 /* Parse.framework in Frameworks */,
				78402F581A86DE85005A83A4 /* ParseCrashReporting.framework in Frameworks */,
				78402F591A86DE85005A83A4 /* ParseUI.framework in Frameworks */,
				78402F561A86DE85005A83A4 /* Bolts.framework in Frameworks */,
			);
			runOnlyForDeploymentPostprocessing = 0;
		};
		78402F3F1A86DE2F005A83A4 /* Frameworks */ = {
			isa = PBXFrameworksBuildPhase;
			buildActionMask = 2147483647;
			files = (
			);
			runOnlyForDeploymentPostprocessing = 0;
		};
/* End PBXFrameworksBuildPhase section */

/* Begin PBXGroup section */
		78402F241A86DE2F005A83A4 = {
			isa = PBXGroup;
			children = (
				78DBE90F1A87103000174C73 /* Social.framework */,
				78DBE90D1A87102C00174C73 /* Accounts.framework */,
				78402F6E1A86DEEA005A83A4 /* libsqlite3.dylib */,
				78402F6C1A86DEE5005A83A4 /* libz.dylib */,
				78402F6A1A86DEE1005A83A4 /* SystemConfiguration.framework */,
				78402F681A86DEDC005A83A4 /* StoreKit.framework */,
				78402F661A86DED7005A83A4 /* Security.framework */,
				78402F641A86DED2005A83A4 /* QuartzCore.framework */,
				78402F621A86DECC005A83A4 /* MobileCoreServices.framework */,
				78402F601A86DEC7005A83A4 /* CoreLocation.framework */,
				78402F5E1A86DEC3005A83A4 /* CoreGraphics.framework */,
				78402F5C1A86DEBE005A83A4 /* CFNetwork.framework */,
				78402F5A1A86DEB8005A83A4 /* AudioToolbox.framework */,
				78402F521A86DE85005A83A4 /* Bolts.framework */,
				78402F531A86DE85005A83A4 /* Parse.framework */,
				78402F541A86DE85005A83A4 /* ParseCrashReporting.framework */,
				78402F551A86DE85005A83A4 /* ParseUI.framework */,
				78402F2F1A86DE2F005A83A4 /* Notes */,
				78402F451A86DE2F005A83A4 /* NotesTests */,
				78402F2E1A86DE2F005A83A4 /* Products */,
			);
			sourceTree = "<group>";
		};
		78402F2E1A86DE2F005A83A4 /* Products */ = {
			isa = PBXGroup;
			children = (
				78402F2D1A86DE2F005A83A4 /* Notes.app */,
				78402F421A86DE2F005A83A4 /* NotesTests.xctest */,
			);
			name = Products;
			sourceTree = "<group>";
		};
		78402F2F1A86DE2F005A83A4 /* Notes */ = {
			isa = PBXGroup;
			children = (
				78402F701A86DF26005A83A4 /* Briding-Header.h */,
				78402F321A86DE2F005A83A4 /* AppDelegate.swift */,
				78C725DE1A87017500BEA9C2 /* MasterTableViewController.swift */,
				78C725E01A87018300BEA9C2 /* MasterTableViewCell.swift */,
				78C725E21A87019100BEA9C2 /* AddNoteTableViewController.swift */,
				78402F361A86DE2F005A83A4 /* Main.storyboard */,
				78402F391A86DE2F005A83A4 /* Images.xcassets */,
				78402F3B1A86DE2F005A83A4 /* LaunchScreen.xib */,
				78402F301A86DE2F005A83A4 /* Supporting Files */,
			);
			path = Notes;
			sourceTree = "<group>";
		};
		78402F301A86DE2F005A83A4 /* Supporting Files */ = {
			isa = PBXGroup;
			children = (
				78402F311A86DE2F005A83A4 /* Info.plist */,
			);
			name = "Supporting Files";
			sourceTree = "<group>";
		};
		78402F451A86DE2F005A83A4 /* NotesTests */ = {
			isa = PBXGroup;
			children = (
				78402F481A86DE2F005A83A4 /* NotesTests.swift */,
				78402F461A86DE2F005A83A4 /* Supporting Files */,
			);
			path = NotesTests;
			sourceTree = "<group>";
		};
		78402F461A86DE2F005A83A4 /* Supporting Files */ = {
			isa = PBXGroup;
			children = (
				78402F471A86DE2F005A83A4 /* Info.plist */,
			);
			name = "Supporting Files";
			sourceTree = "<group>";
		};
/* End PBXGroup section */

/* Begin PBXNativeTarget section */
		78402F2C1A86DE2F005A83A4 /* Notes */ = {
			isa = PBXNativeTarget;
			buildConfigurationList = 78402F4C1A86DE2F005A83A4 /* Build configuration list for PBXNativeTarget "Notes" */;
			buildPhases = (
				78402F291A86DE2F005A83A4 /* Sources */,
				78402F2A1A86DE2F005A83A4 /* Frameworks */,
				78402F2B1A86DE2F005A83A4 /* Resources */,
			);
			buildRules = (
			);
			dependencies = (
			);
			name = Notes;
			productName = Notes;
			productReference = 78402F2D1A86DE2F005A83A4 /* Notes.app */;
			productType = "com.apple.product-type.application";
		};
		78402F411A86DE2F005A83A4 /* NotesTests */ = {
			isa = PBXNativeTarget;
			buildConfigurationList = 78402F4F1A86DE2F005A83A4 /* Build configuration list for PBXNativeTarget "NotesTests" */;
			buildPhases = (
				78402F3E1A86DE2F005A83A4 /* Sources */,
				78402F3F1A86DE2F005A83A4 /* Frameworks */,
				78402F401A86DE2F005A83A4 /* Resources */,
			);
			buildRules = (
			);
			dependencies = (
				78402F441A86DE2F005A83A4 /* PBXTargetDependency */,
			);
			name = NotesTests;
			productName = NotesTests;
			productReference = 78402F421A86DE2F005A83A4 /* NotesTests.xctest */;
			productType = "com.apple.product-type.bundle.unit-test";
		};
/* End PBXNativeTarget section */

/* Begin PBXProject section */
		78402F251A86DE2F005A83A4 /* Project object */ = {
			isa = PBXProject;
			attributes = {
				LastUpgradeCheck = 0610;
				ORGANIZATIONNAME = "Vea Software";
				TargetAttributes = {
					78402F2C1A86DE2F005A83A4 = {
						CreatedOnToolsVersion = 6.1.1;
					};
					78402F411A86DE2F005A83A4 = {
						CreatedOnToolsVersion = 6.1.1;
						TestTargetID = 78402F2C1A86DE2F005A83A4;
					};
				};
			};
			buildConfigurationList = 78402F281A86DE2F005A83A4 /* Build configuration list for PBXProject "Notes" */;
			compatibilityVersion = "Xcode 3.2";
			developmentRegion = English;
			hasScannedForEncodings = 0;
			knownRegions = (
				en,
				Base,
			);
			mainGroup = 78402F241A86DE2F005A83A4;
			productRefGroup = 78402F2E1A86DE2F005A83A4 /* Products */;
			projectDirPath = "";
			projectRoot = "";
			targets = (
				78402F2C1A86DE2F005A83A4 /* Notes */,
				78402F411A86DE2F005A83A4 /* NotesTests */,
			);
		};
/* End PBXProject section */

/* Begin PBXResourcesBuildPhase section */
		78402F2B1A86DE2F005A83A4 /* Resources */ = {
			isa = PBXResourcesBuildPhase;
			buildActionMask = 2147483647;
			files = (
				78402F381A86DE2F005A83A4 /* Main.storyboard in Resources */,
				78402F3D1A86DE2F005A83A4 /* LaunchScreen.xib in Resources */,
				78402F3A1A86DE2F005A83A4 /* Images.xcassets in Resources */,
			);
			runOnlyForDeploymentPostprocessing = 0;
		};
		78402F401A86DE2F005A83A4 /* Resources */ = {
			isa = PBXResourcesBuildPhase;
			buildActionMask = 2147483647;
			files = (
			);
			runOnlyForDeploymentPostprocessing = 0;
		};
/* End PBXResourcesBuildPhase section */

/* Begin PBXSourcesBuildPhase section */
		78402F291A86DE2F005A83A4 /* Sources */ = {
			isa = PBXSourcesBuildPhase;
			buildActionMask = 2147483647;
			files = (
				78402F331A86DE2F005A83A4 /* AppDelegate.swift in Sources */,
				78C725E11A87018300BEA9C2 /* MasterTableViewCell.swift in Sources */,
				78C725E31A87019100BEA9C2 /* AddNoteTableViewController.swift in Sources */,
				78C725DF1A87017500BEA9C2 /* MasterTableViewController.swift in Sources */,
			);
			runOnlyForDeploymentPostprocessing = 0;
		};
		78402F3E1A86DE2F005A83A4 /* Sources */ = {
			isa = PBXSourcesBuildPhase;
			buildActionMask = 2147483647;
			files = (
				78402F491A86DE2F005A83A4 /* NotesTests.swift in Sources */,
			);
			runOnlyForDeploymentPostprocessing = 0;
		};
/* End PBXSourcesBuildPhase section */

/* Begin PBXTargetDependency section */
		78402F441A86DE2F005A83A4 /* PBXTargetDependency */ = {
			isa = PBXTargetDependency;
			target = 78402F2C1A86DE2F005A83A4 /* Notes */;
			targetProxy = 78402F431A86DE2F005A83A4 /* PBXContainerItemProxy */;
		};
/* End PBXTargetDependency section */

/* Begin PBXVariantGroup section */
		78402F361A86DE2F005A83A4 /* Main.storyboard */ = {
			isa = PBXVariantGroup;
			children = (
				78402F371A86DE2F005A83A4 /* Base */,
			);
			name = Main.storyboard;
			sourceTree = "<group>";
		};
		78402F3B1A86DE2F005A83A4 /* LaunchScreen.xib */ = {
			isa = PBXVariantGroup;
			children = (
				78402F3C1A86DE2F005A83A4 /* Base */,
			);
			name = LaunchScreen.xib;
			sourceTree = "<group>";
		};
/* End PBXVariantGroup section */

/* Begin XCBuildConfiguration section */
		78402F4A1A86DE2F005A83A4 /* Debug */ = {
			isa = XCBuildConfiguration;
			buildSettings = {
				ALWAYS_SEARCH_USER_PATHS = NO;
				CLANG_CXX_LANGUAGE_STANDARD = "gnu++0x";
				CLANG_CXX_LIBRARY = "libc++";
				CLANG_ENABLE_MODULES = YES;
				CLANG_ENABLE_OBJC_ARC = YES;
				CLANG_WARN_BOOL_CONVERSION = YES;
				CLANG_WARN_CONSTANT_CONVERSION = YES;
				CLANG_WARN_DIRECT_OBJC_ISA_USAGE = YES_ERROR;
				CLANG_WARN_EMPTY_BODY = YES;
				CLANG_WARN_ENUM_CONVERSION = YES;
				CLANG_WARN_INT_CONVERSION = YES;
				CLANG_WARN_OBJC_ROOT_CLASS = YES_ERROR;
				CLANG_WARN_UNREACHABLE_CODE = YES;
				CLANG_WARN__DUPLICATE_METHOD_MATCH = YES;
				"CODE_SIGN_IDENTITY[sdk=iphoneos*]" = "iPhone Developer";
				COPY_PHASE_STRIP = NO;
				ENABLE_STRICT_OBJC_MSGSEND = YES;
				GCC_C_LANGUAGE_STANDARD = gnu99;
				GCC_DYNAMIC_NO_PIC = NO;
				GCC_OPTIMIZATION_LEVEL = 0;
				GCC_PREPROCESSOR_DEFINITIONS = (
					"DEBUG=1",
					"$(inherited)",
				);
				GCC_SYMBOLS_PRIVATE_EXTERN = NO;
				GCC_WARN_64_TO_32_BIT_CONVERSION = YES;
				GCC_WARN_ABOUT_RETURN_TYPE = YES_ERROR;
				GCC_WARN_UNDECLARED_SELECTOR = YES;
				GCC_WARN_UNINITIALIZED_AUTOS = YES_AGGRESSIVE;
				GCC_WARN_UNUSED_FUNCTION = YES;
				GCC_WARN_UNUSED_VARIABLE = YES;
				IPHONEOS_DEPLOYMENT_TARGET = 8.1;
				MTL_ENABLE_DEBUG_INFO = YES;
				ONLY_ACTIVE_ARCH = YES;
				SDKROOT = iphoneos;
				SWIFT_OPTIMIZATION_LEVEL = "-Onone";
				TARGETED_DEVICE_FAMILY = "1,2";
			};
			name = Debug;
		};
		78402F4B1A86DE2F005A83A4 /* Release */ = {
			isa = XCBuildConfiguration;
			buildSettings = {
				ALWAYS_SEARCH_USER_PATHS = NO;
				CLANG_CXX_LANGUAGE_STANDARD = "gnu++0x";
				CLANG_CXX_LIBRARY = "libc++";
				CLANG_ENABLE_MODULES = YES;
				CLANG_ENABLE_OBJC_ARC = YES;
				CLANG_WARN_BOOL_CONVERSION = YES;
				CLANG_WARN_CONSTANT_CONVERSION = YES;
				CLANG_WARN_DIRECT_OBJC_ISA_USAGE = YES_ERROR;
				CLANG_WARN_EMPTY_BODY = YES;
				CLANG_WARN_ENUM_CONVERSION = YES;
				CLANG_WARN_INT_CONVERSION = YES;
				CLANG_WARN_OBJC_ROOT_CLASS = YES_ERROR;
				CLANG_WARN_UNREACHABLE_CODE = YES;
				CLANG_WARN__DUPLICATE_METHOD_MATCH = YES;
				"CODE_SIGN_IDENTITY[sdk=iphoneos*]" = "iPhone Developer";
				COPY_PHASE_STRIP = YES;
				ENABLE_NS_ASSERTIONS = NO;
				ENABLE_STRICT_OBJC_MSGSEND = YES;
				GCC_C_LANGUAGE_STANDARD = gnu99;
				GCC_WARN_64_TO_32_BIT_CONVERSION = YES;
				GCC_WARN_ABOUT_RETURN_TYPE = YES_ERROR;
				GCC_WARN_UNDECLARED_SELECTOR = YES;
				GCC_WARN_UNINITIALIZED_AUTOS = YES_AGGRESSIVE;
				GCC_WARN_UNUSED_FUNCTION = YES;
				GCC_WARN_UNUSED_VARIABLE = YES;
				IPHONEOS_DEPLOYMENT_TARGET = 8.1;
				MTL_ENABLE_DEBUG_INFO = NO;
				SDKROOT = iphoneos;
				TARGETED_DEVICE_FAMILY = "1,2";
				VALIDATE_PRODUCT = YES;
			};
			name = Release;
		};
		78402F4D1A86DE2F005A83A4 /* Debug */ = {
			isa = XCBuildConfiguration;
			buildSettings = {
				ASSETCATALOG_COMPILER_APPICON_NAME = AppIcon;
				CODE_SIGN_IDENTITY = "iPhone Developer";
				FRAMEWORK_SEARCH_PATHS = (
					"$(inherited)",
					"$(PROJECT_DIR)/SDKs/parse-library-1",
				);
				INFOPLIST_FILE = Notes/Info.plist;
				LD_RUNPATH_SEARCH_PATHS = "$(inherited) @executable_path/Frameworks";
				PRODUCT_NAME = "$(TARGET_NAME)";
				SWIFT_OBJC_BRIDGING_HEADER = "$PROJECT_DIR/Notes/Briding-Header.h";
			};
			name = Debug;
		};
		78402F4E1A86DE2F005A83A4 /* Release */ = {
			isa = XCBuildConfiguration;
			buildSettings = {
				ASSETCATALOG_COMPILER_APPICON_NAME = AppIcon;
				CODE_SIGN_IDENTITY = "iPhone Developer";
				FRAMEWORK_SEARCH_PATHS = (
					"$(inherited)",
					"$(PROJECT_DIR)/SDKs/parse-library-1",
				);
				INFOPLIST_FILE = Notes/Info.plist;
				LD_RUNPATH_SEARCH_PATHS = "$(inherited) @executable_path/Frameworks";
				PRODUCT_NAME = "$(TARGET_NAME)";
				SWIFT_OBJC_BRIDGING_HEADER = "$PROJECT_DIR/Notes/Briding-Header.h";
			};
			name = Release;
		};
		78402F501A86DE2F005A83A4 /* Debug */ = {
			isa = XCBuildConfiguration;
			buildSettings = {
				BUNDLE_LOADER = "$(TEST_HOST)";
				FRAMEWORK_SEARCH_PATHS = (
					"$(SDKROOT)/Developer/Library/Frameworks",
					"$(inherited)",
				);
				GCC_PREPROCESSOR_DEFINITIONS = (
					"DEBUG=1",
					"$(inherited)",
				);
				INFOPLIST_FILE = NotesTests/Info.plist;
				LD_RUNPATH_SEARCH_PATHS = "$(inherited) @executable_path/Frameworks @loader_path/Frameworks";
				PRODUCT_NAME = "$(TARGET_NAME)";
				TEST_HOST = "$(BUILT_PRODUCTS_DIR)/Notes.app/Notes";
			};
			name = Debug;
		};
		78402F511A86DE2F005A83A4 /* Release */ = {
			isa = XCBuildConfiguration;
			buildSettings = {
				BUNDLE_LOADER = "$(TEST_HOST)";
				FRAMEWORK_SEARCH_PATHS = (
					"$(SDKROOT)/Developer/Library/Frameworks",
					"$(inherited)",
				);
				INFOPLIST_FILE = NotesTests/Info.plist;
				LD_RUNPATH_SEARCH_PATHS = "$(inherited) @executable_path/Frameworks @loader_path/Frameworks";
				PRODUCT_NAME = "$(TARGET_NAME)";
				TEST_HOST = "$(BUILT_PRODUCTS_DIR)/Notes.app/Notes";
			};
			name = Release;
		};
/* End XCBuildConfiguration section */

/* Begin XCConfigurationList section */
		78402F281A86DE2F005A83A4 /* Build configuration list for PBXProject "Notes" */ = {
			isa = XCConfigurationList;
			buildConfigurations = (
				78402F4A1A86DE2F005A83A4 /* Debug */,
				78402F4B1A86DE2F005A83A4 /* Release */,
			);
			defaultConfigurationIsVisible = 0;
			defaultConfigurationName = Release;
		};
		78402F4C1A86DE2F005A83A4 /* Build configuration list for PBXNativeTarget "Notes" */ = {
			isa = XCConfigurationList;
			buildConfigurations = (
				78402F4D1A86DE2F005A83A4 /* Debug */,
				78402F4E1A86DE2F005A83A4 /* Release */,
			);
			defaultConfigurationIsVisible = 0;
			defaultConfigurationName = Release;
		};
		78402F4F1A86DE2F005A83A4 /* Build configuration list for PBXNativeTarget "NotesTests" */ = {
			isa = XCConfigurationList;
			buildConfigurations = (
				78402F501A86DE2F005A83A4 /* Debug */,
				78402F511A86DE2F005A83A4 /* Release */,
			);
			defaultConfigurationIsVisible = 0;
			defaultConfigurationName = Release;
		};
/* End XCConfigurationList section */
	};
	rootObject = 78402F251A86DE2F005A83A4 /* Project object */;
}
